
Microsoft Visual Studio Solution File, Format Version 12.00
# Visual Studio Version 17
VisualStudioVersion = 17.4.33205.214
MinimumVisualStudioVersion = 10.0.40219.1
Project("{9A19103F-16F7-4668-BE54-9A1E7A4F7556}") = "ANOVAiKontrastiConsole", "ANOVAiKontrastiConsole\ANOVAiKontrastiConsole.csproj", "{69927736-5346-4D0E-914D-AB5A8966393C}"
EndProject
Global
	GlobalSection(SolutionConfigurationPlatforms) = preSolution
		Debug|Any CPU = Debug|Any CPU
		Release|Any CPU = Release|Any CPU
	EndGlobalSection
	GlobalSection(ProjectConfigurationPlatforms) = postSolution
		{69927736-5346-4D0E-914D-AB5A8966393C}.Debug|Any CPU.ActiveCfg = Debug|Any CPU
		{69927736-5346-4D0E-914D-AB5A8966393C}.Debug|Any CPU.Build.0 = Debug|Any CPU
		{69927736-5346-4D0E-914D-AB5A8966393C}.Release|Any CPU.ActiveCfg = Release|Any CPU
		{69927736-5346-4D0E-914D-AB5A8966393C}.Release|Any CPU.Build.0 = Release|Any CPU
	EndGlobalSection
	GlobalSection(SolutionProperties) = preSolution
		HideSolutionNode = FALSE
	EndGlobalSection
	GlobalSection(ExtensibilityGlobals) = postSolution
		SolutionGuid = {08BB8F04-BAC4-45BA-865F-55D908108F43}
	EndGlobalSection
EndGlobal
